
Microsoft Visual Studio Solution File, Format Version 12.00
# Visual Studio 15
VisualStudioVersion = 15.0.27703.2026
MinimumVisualStudioVersion = 10.0.40219.1

Project("{2150E333-8FDC-42A3-9474-1A3956D46DE8}") = "Src", "Src", "{AB5E4073-F922-48FD-9F28-2CC7F8168A9A}"
EndProject
Project("{2150E333-8FDC-42A3-9474-1A3956D46DE8}") = "Samples", "Samples", "{84FD914D-CB10-4E19-BBF5-510B7F357FB6}"
EndProject
Project("{9A19103F-16F7-4668-BE54-9A1E7A4F7556}") = "Xamarin.Forms.Spa", "Src\Xamarin.Forms.Spa\Xamarin.Forms.Spa.csproj", "{792100A9-EC5B-4827-A68A-569E2EE6C181}"
EndProject
Project("{2150E333-8FDC-42A3-9474-1A3956D46DE8}") = "Navigation", "Samples\Navigation", "{F1F78CB3-4FCA-4F77-9C12-F259E327FEB2}"
EndProject
Project("{FAE04EC0-301F-11D3-BF4B-00C04F79EFBC}") = "NavigationSample.Android", "Samples\NavigationSample\NavigationSample.Android\NavigationSample.Android.csproj", "{FB90C481-D04E-444F-BCEA-E4BB4B8CD159}"
EndProject
Project("{FAE04EC0-301F-11D3-BF4B-00C04F79EFBC}") = "NavigationSample.iOS", "Samples\NavigationSample\NavigationSample.iOS\NavigationSample.iOS.csproj", "{4C8E2622-F1BC-4071-AF9A-9D72B316327D}"
EndProject
Project("{9A19103F-16F7-4668-BE54-9A1E7A4F7556}") = "NavigationSample", "Samples\NavigationSample\NavigationSample\NavigationSample.csproj", "{3F647B3A-9510-4D8E-BB08-E41184D4794F}"
EndProject
Project("{2150E333-8FDC-42A3-9474-1A3956D46DE8}") = "InitailByXSpaPage", "Samples\InitailByXSpaPage", "{ABFA2E4B-2650-4D1A-861E-AAEED9251FD2}"
EndProject
Project("{2150E333-8FDC-42A3-9474-1A3956D46DE8}") = "MasterDetail", "Samples\MasterDetail", "{3E19B16F-C0EF-4745-AFCE-745440993221}"
EndProject
Project("{FAE04EC0-301F-11D3-BF4B-00C04F79EFBC}") = "MasterDetailSample.Android", "Samples\MasterDetailSample\MasterDetailSample.Android\MasterDetailSample.Android.csproj", "{4F0C7307-08E6-4EBC-9135-AE947C730978}"
EndProject
Project("{FAE04EC0-301F-11D3-BF4B-00C04F79EFBC}") = "MasterDetailSample.iOS", "Samples\MasterDetailSample\MasterDetailSample.iOS\MasterDetailSample.iOS.csproj", "{2137ED7C-52E7-429C-B432-CBF23D6D6ED4}"
EndProject
Project("{9A19103F-16F7-4668-BE54-9A1E7A4F7556}") = "MasterDetailSample", "Samples\MasterDetailSample\MasterDetailSample\MasterDetailSample.csproj", "{691F0917-1373-4B4E-8A6E-8DC585F71889}"
EndProject
Project("{FAE04EC0-301F-11D3-BF4B-00C04F79EFBC}") = "InitialByXSpaPage.Android", "Samples\InitialByXSpaPage\InitialByXSpaPage.Android\InitialByXSpaPage.Android.csproj", "{FB2858AA-360A-4F83-B16A-ED1267051F65}"
EndProject
Project("{FAE04EC0-301F-11D3-BF4B-00C04F79EFBC}") = "InitialByXSpaPage.iOS", "Samples\InitialByXSpaPage\InitialByXSpaPage.iOS\InitialByXSpaPage.iOS.csproj", "{DEFFCC74-9183-45C5-B93D-9E3450055CBD}"
EndProject
Project("{9A19103F-16F7-4668-BE54-9A1E7A4F7556}") = "InitialByXSpaPage", "Samples\InitialByXSpaPage\InitialByXSpaPage\InitialByXSpaPage.csproj", "{8B197BE9-4891-4716-BBD2-72803B0E6EBA}"
EndProject
Project("{2150E333-8FDC-42A3-9474-1A3956D46DE8}") = "InitailByXSpaView", "Samples\InitailByXSpaView", "{1EF68C09-F12E-4BD0-9AB9-BA65F116BD56}"
EndProject
Project("{FAE04EC0-301F-11D3-BF4B-00C04F79EFBC}") = "InitialByXSpaView.Android", "Samples\InitialByXSpaView\InitialByXSpaView.Android\InitialByXSpaView.Android.csproj", "{C956E6DE-57DC-456D-9881-109DAE995524}"
EndProject
Project("{FAE04EC0-301F-11D3-BF4B-00C04F79EFBC}") = "InitialByXSpaView.iOS", "Samples\InitialByXSpaView\InitialByXSpaView.iOS\InitialByXSpaView.iOS.csproj", "{30EA5552-343E-4B8F-90B9-6917255F8A13}"
EndProject
Project("{9A19103F-16F7-4668-BE54-9A1E7A4F7556}") = "InitialByXSpaView", "Samples\InitialByXSpaView\InitialByXSpaView\InitialByXSpaView.csproj", "{DCDC69FF-E7D5-4F39-845D-BAC372516935}"
EndProject
Global
	GlobalSection(SolutionConfigurationPlatforms) = preSolution
		Ad-Hoc|Any CPU = Ad-Hoc|Any CPU
		Ad-Hoc|iPhone = Ad-Hoc|iPhone
		Ad-Hoc|iPhoneSimulator = Ad-Hoc|iPhoneSimulator
		AppStore|Any CPU = AppStore|Any CPU
		AppStore|iPhone = AppStore|iPhone
		AppStore|iPhoneSimulator = AppStore|iPhoneSimulator
		Debug|Any CPU = Debug|Any CPU
		Debug|iPhone = Debug|iPhone
		Debug|iPhoneSimulator = Debug|iPhoneSimulator
		Release|Any CPU = Release|Any CPU
		Release|iPhone = Release|iPhone
		Release|iPhoneSimulator = Release|iPhoneSimulator
	EndGlobalSection
	GlobalSection(ProjectConfigurationPlatforms) = postSolution
		{792100A9-EC5B-4827-A68A-569E2EE6C181}.Ad-Hoc|Any CPU.ActiveCfg = Debug|Any CPU
		{792100A9-EC5B-4827-A68A-569E2EE6C181}.Ad-Hoc|Any CPU.Build.0 = Debug|Any CPU
		{792100A9-EC5B-4827-A68A-569E2EE6C181}.Ad-Hoc|iPhone.ActiveCfg = Debug|Any CPU
		{792100A9-EC5B-4827-A68A-569E2EE6C181}.Ad-Hoc|iPhone.Build.0 = Debug|Any CPU
		{792100A9-EC5B-4827-A68A-569E2EE6C181}.Ad-Hoc|iPhoneSimulator.ActiveCfg = Debug|Any CPU
		{792100A9-EC5B-4827-A68A-569E2EE6C181}.Ad-Hoc|iPhoneSimulator.Build.0 = Debug|Any CPU
		{792100A9-EC5B-4827-A68A-569E2EE6C181}.AppStore|Any CPU.ActiveCfg = Debug|Any CPU
		{792100A9-EC5B-4827-A68A-569E2EE6C181}.AppStore|Any CPU.Build.0 = Debug|Any CPU
		{792100A9-EC5B-4827-A68A-569E2EE6C181}.AppStore|iPhone.ActiveCfg = Debug|Any CPU
		{792100A9-EC5B-4827-A68A-569E2EE6C181}.AppStore|iPhone.Build.0 = Debug|Any CPU
		{792100A9-EC5B-4827-A68A-569E2EE6C181}.AppStore|iPhoneSimulator.ActiveCfg = Debug|Any CPU
		{792100A9-EC5B-4827-A68A-569E2EE6C181}.AppStore|iPhoneSimulator.Build.0 = Debug|Any CPU
		{792100A9-EC5B-4827-A68A-569E2EE6C181}.Debug|Any CPU.ActiveCfg = Debug|Any CPU
		{792100A9-EC5B-4827-A68A-569E2EE6C181}.Debug|Any CPU.Build.0 = Debug|Any CPU
		{792100A9-EC5B-4827-A68A-569E2EE6C181}.Debug|iPhone.ActiveCfg = Debug|Any CPU
		{792100A9-EC5B-4827-A68A-569E2EE6C181}.Debug|iPhone.Build.0 = Debug|Any CPU
		{792100A9-EC5B-4827-A68A-569E2EE6C181}.Debug|iPhoneSimulator.ActiveCfg = Debug|Any CPU
		{792100A9-EC5B-4827-A68A-569E2EE6C181}.Debug|iPhoneSimulator.Build.0 = Debug|Any CPU
		{792100A9-EC5B-4827-A68A-569E2EE6C181}.Release|Any CPU.ActiveCfg = Release|Any CPU
		{792100A9-EC5B-4827-A68A-569E2EE6C181}.Release|Any CPU.Build.0 = Release|Any CPU
		{792100A9-EC5B-4827-A68A-569E2EE6C181}.Release|iPhone.ActiveCfg = Release|Any CPU
		{792100A9-EC5B-4827-A68A-569E2EE6C181}.Release|iPhone.Build.0 = Release|Any CPU
		{792100A9-EC5B-4827-A68A-569E2EE6C181}.Release|iPhoneSimulator.ActiveCfg = Release|Any CPU
		{792100A9-EC5B-4827-A68A-569E2EE6C181}.Release|iPhoneSimulator.Build.0 = Release|Any CPU
		{FB90C481-D04E-444F-BCEA-E4BB4B8CD159}.Ad-Hoc|Any CPU.ActiveCfg = Release|Any CPU
		{FB90C481-D04E-444F-BCEA-E4BB4B8CD159}.Ad-Hoc|Any CPU.Build.0 = Release|Any CPU
		{FB90C481-D04E-444F-BCEA-E4BB4B8CD159}.Ad-Hoc|Any CPU.Deploy.0 = Release|Any CPU
		{FB90C481-D04E-444F-BCEA-E4BB4B8CD159}.Ad-Hoc|iPhone.ActiveCfg = Release|Any CPU
		{FB90C481-D04E-444F-BCEA-E4BB4B8CD159}.Ad-Hoc|iPhone.Build.0 = Release|Any CPU
		{FB90C481-D04E-444F-BCEA-E4BB4B8CD159}.Ad-Hoc|iPhone.Deploy.0 = Release|Any CPU
		{FB90C481-D04E-444F-BCEA-E4BB4B8CD159}.Ad-Hoc|iPhoneSimulator.ActiveCfg = Release|Any CPU
		{FB90C481-D04E-444F-BCEA-E4BB4B8CD159}.Ad-Hoc|iPhoneSimulator.Build.0 = Release|Any CPU
		{FB90C481-D04E-444F-BCEA-E4BB4B8CD159}.Ad-Hoc|iPhoneSimulator.Deploy.0 = Release|Any CPU
		{FB90C481-D04E-444F-BCEA-E4BB4B8CD159}.AppStore|Any CPU.ActiveCfg = Release|Any CPU
		{FB90C481-D04E-444F-BCEA-E4BB4B8CD159}.AppStore|Any CPU.Build.0 = Release|Any CPU
		{FB90C481-D04E-444F-BCEA-E4BB4B8CD159}.AppStore|Any CPU.Deploy.0 = Release|Any CPU
		{FB90C481-D04E-444F-BCEA-E4BB4B8CD159}.AppStore|iPhone.ActiveCfg = Release|Any CPU
		{FB90C481-D04E-444F-BCEA-E4BB4B8CD159}.AppStore|iPhone.Build.0 = Release|Any CPU
		{FB90C481-D04E-444F-BCEA-E4BB4B8CD159}.AppStore|iPhone.Deploy.0 = Release|Any CPU
		{FB90C481-D04E-444F-BCEA-E4BB4B8CD159}.AppStore|iPhoneSimulator.ActiveCfg = Release|Any CPU
		{FB90C481-D04E-444F-BCEA-E4BB4B8CD159}.AppStore|iPhoneSimulator.Build.0 = Release|Any CPU
		{FB90C481-D04E-444F-BCEA-E4BB4B8CD159}.AppStore|iPhoneSimulator.Deploy.0 = Release|Any CPU
		{FB90C481-D04E-444F-BCEA-E4BB4B8CD159}.Debug|Any CPU.ActiveCfg = Debug|Any CPU
		{FB90C481-D04E-444F-BCEA-E4BB4B8CD159}.Debug|Any CPU.Build.0 = Debug|Any CPU
		{FB90C481-D04E-444F-BCEA-E4BB4B8CD159}.Debug|Any CPU.Deploy.0 = Debug|Any CPU
		{FB90C481-D04E-444F-BCEA-E4BB4B8CD159}.Debug|iPhone.ActiveCfg = Debug|Any CPU
		{FB90C481-D04E-444F-BCEA-E4BB4B8CD159}.Debug|iPhone.Build.0 = Debug|Any CPU
		{FB90C481-D04E-444F-BCEA-E4BB4B8CD159}.Debug|iPhone.Deploy.0 = Debug|Any CPU
		{FB90C481-D04E-444F-BCEA-E4BB4B8CD159}.Debug|iPhoneSimulator.ActiveCfg = Debug|Any CPU
		{FB90C481-D04E-444F-BCEA-E4BB4B8CD159}.Debug|iPhoneSimulator.Build.0 = Debug|Any CPU
		{FB90C481-D04E-444F-BCEA-E4BB4B8CD159}.Debug|iPhoneSimulator.Deploy.0 = Debug|Any CPU
		{FB90C481-D04E-444F-BCEA-E4BB4B8CD159}.Release|Any CPU.ActiveCfg = Release|Any CPU
		{FB90C481-D04E-444F-BCEA-E4BB4B8CD159}.Release|Any CPU.Build.0 = Release|Any CPU
		{FB90C481-D04E-444F-BCEA-E4BB4B8CD159}.Release|Any CPU.Deploy.0 = Release|Any CPU
		{FB90C481-D04E-444F-BCEA-E4BB4B8CD159}.Release|iPhone.ActiveCfg = Release|Any CPU
		{FB90C481-D04E-444F-BCEA-E4BB4B8CD159}.Release|iPhone.Build.0 = Release|Any CPU
		{FB90C481-D04E-444F-BCEA-E4BB4B8CD159}.Release|iPhone.Deploy.0 = Release|Any CPU
		{FB90C481-D04E-444F-BCEA-E4BB4B8CD159}.Release|iPhoneSimulator.ActiveCfg = Release|Any CPU
		{FB90C481-D04E-444F-BCEA-E4BB4B8CD159}.Release|iPhoneSimulator.Build.0 = Release|Any CPU
		{FB90C481-D04E-444F-BCEA-E4BB4B8CD159}.Release|iPhoneSimulator.Deploy.0 = Release|Any CPU
		{4C8E2622-F1BC-4071-AF9A-9D72B316327D}.Ad-Hoc|Any CPU.ActiveCfg = Ad-Hoc|iPhone
		{4C8E2622-F1BC-4071-AF9A-9D72B316327D}.Ad-Hoc|iPhone.ActiveCfg = Ad-Hoc|iPhone
		{4C8E2622-F1BC-4071-AF9A-9D72B316327D}.Ad-Hoc|iPhone.Build.0 = Ad-Hoc|iPhone
		{4C8E2622-F1BC-4071-AF9A-9D72B316327D}.Ad-Hoc|iPhoneSimulator.ActiveCfg = Ad-Hoc|iPhoneSimulator
		{4C8E2622-F1BC-4071-AF9A-9D72B316327D}.Ad-Hoc|iPhoneSimulator.Build.0 = Ad-Hoc|iPhoneSimulator
		{4C8E2622-F1BC-4071-AF9A-9D72B316327D}.AppStore|Any CPU.ActiveCfg = AppStore|iPhone
		{4C8E2622-F1BC-4071-AF9A-9D72B316327D}.AppStore|iPhone.ActiveCfg = AppStore|iPhone
		{4C8E2622-F1BC-4071-AF9A-9D72B316327D}.AppStore|iPhone.Build.0 = AppStore|iPhone
		{4C8E2622-F1BC-4071-AF9A-9D72B316327D}.AppStore|iPhoneSimulator.ActiveCfg = AppStore|iPhoneSimulator
		{4C8E2622-F1BC-4071-AF9A-9D72B316327D}.AppStore|iPhoneSimulator.Build.0 = AppStore|iPhoneSimulator
		{4C8E2622-F1BC-4071-AF9A-9D72B316327D}.Debug|Any CPU.ActiveCfg = Debug|iPhone
		{4C8E2622-F1BC-4071-AF9A-9D72B316327D}.Debug|iPhone.ActiveCfg = Debug|iPhone
		{4C8E2622-F1BC-4071-AF9A-9D72B316327D}.Debug|iPhone.Build.0 = Debug|iPhone
		{4C8E2622-F1BC-4071-AF9A-9D72B316327D}.Debug|iPhoneSimulator.ActiveCfg = Debug|iPhoneSimulator
		{4C8E2622-F1BC-4071-AF9A-9D72B316327D}.Debug|iPhoneSimulator.Build.0 = Debug|iPhoneSimulator
		{4C8E2622-F1BC-4071-AF9A-9D72B316327D}.Release|Any CPU.ActiveCfg = Release|iPhone
		{4C8E2622-F1BC-4071-AF9A-9D72B316327D}.Release|iPhone.ActiveCfg = Release|iPhone
		{4C8E2622-F1BC-4071-AF9A-9D72B316327D}.Release|iPhone.Build.0 = Release|iPhone
		{4C8E2622-F1BC-4071-AF9A-9D72B316327D}.Release|iPhoneSimulator.ActiveCfg = Release|iPhoneSimulator
		{4C8E2622-F1BC-4071-AF9A-9D72B316327D}.Release|iPhoneSimulator.Build.0 = Release|iPhoneSimulator
		{3F647B3A-9510-4D8E-BB08-E41184D4794F}.Ad-Hoc|Any CPU.ActiveCfg = Debug|Any CPU
		{3F647B3A-9510-4D8E-BB08-E41184D4794F}.Ad-Hoc|Any CPU.Build.0 = Debug|Any CPU
		{3F647B3A-9510-4D8E-BB08-E41184D4794F}.Ad-Hoc|iPhone.ActiveCfg = Debug|Any CPU
		{3F647B3A-9510-4D8E-BB08-E41184D4794F}.Ad-Hoc|iPhone.Build.0 = Debug|Any CPU
		{3F647B3A-9510-4D8E-BB08-E41184D4794F}.Ad-Hoc|iPhoneSimulator.ActiveCfg = Debug|Any CPU
		{3F647B3A-9510-4D8E-BB08-E41184D4794F}.Ad-Hoc|iPhoneSimulator.Build.0 = Debug|Any CPU
		{3F647B3A-9510-4D8E-BB08-E41184D4794F}.AppStore|Any CPU.ActiveCfg = Debug|Any CPU
		{3F647B3A-9510-4D8E-BB08-E41184D4794F}.AppStore|Any CPU.Build.0 = Debug|Any CPU
		{3F647B3A-9510-4D8E-BB08-E41184D4794F}.AppStore|iPhone.ActiveCfg = Debug|Any CPU
		{3F647B3A-9510-4D8E-BB08-E41184D4794F}.AppStore|iPhone.Build.0 = Debug|Any CPU
		{3F647B3A-9510-4D8E-BB08-E41184D4794F}.AppStore|iPhoneSimulator.ActiveCfg = Debug|Any CPU
		{3F647B3A-9510-4D8E-BB08-E41184D4794F}.AppStore|iPhoneSimulator.Build.0 = Debug|Any CPU
		{3F647B3A-9510-4D8E-BB08-E41184D4794F}.Debug|Any CPU.ActiveCfg = Debug|Any CPU
		{3F647B3A-9510-4D8E-BB08-E41184D4794F}.Debug|Any CPU.Build.0 = Debug|Any CPU
		{3F647B3A-9510-4D8E-BB08-E41184D4794F}.Debug|iPhone.ActiveCfg = Debug|Any CPU
		{3F647B3A-9510-4D8E-BB08-E41184D4794F}.Debug|iPhone.Build.0 = Debug|Any CPU
		{3F647B3A-9510-4D8E-BB08-E41184D4794F}.Debug|iPhoneSimulator.ActiveCfg = Debug|Any CPU
		{3F647B3A-9510-4D8E-BB08-E41184D4794F}.Debug|iPhoneSimulator.Build.0 = Debug|Any CPU
		{3F647B3A-9510-4D8E-BB08-E41184D4794F}.Release|Any CPU.ActiveCfg = Release|Any CPU
		{3F647B3A-9510-4D8E-BB08-E41184D4794F}.Release|Any CPU.Build.0 = Release|Any CPU
		{3F647B3A-9510-4D8E-BB08-E41184D4794F}.Release|iPhone.ActiveCfg = Release|Any CPU
		{3F647B3A-9510-4D8E-BB08-E41184D4794F}.Release|iPhone.Build.0 = Release|Any CPU
		{3F647B3A-9510-4D8E-BB08-E41184D4794F}.Release|iPhoneSimulator.ActiveCfg = Release|Any CPU
		{3F647B3A-9510-4D8E-BB08-E41184D4794F}.Release|iPhoneSimulator.Build.0 = Release|Any CPU
		{4F0C7307-08E6-4EBC-9135-AE947C730978}.Ad-Hoc|Any CPU.ActiveCfg = Release|Any CPU
		{4F0C7307-08E6-4EBC-9135-AE947C730978}.Ad-Hoc|Any CPU.Build.0 = Release|Any CPU
		{4F0C7307-08E6-4EBC-9135-AE947C730978}.Ad-Hoc|Any CPU.Deploy.0 = Release|Any CPU
		{4F0C7307-08E6-4EBC-9135-AE947C730978}.Ad-Hoc|iPhone.ActiveCfg = Release|Any CPU
		{4F0C7307-08E6-4EBC-9135-AE947C730978}.Ad-Hoc|iPhone.Build.0 = Release|Any CPU
		{4F0C7307-08E6-4EBC-9135-AE947C730978}.Ad-Hoc|iPhone.Deploy.0 = Release|Any CPU
		{4F0C7307-08E6-4EBC-9135-AE947C730978}.Ad-Hoc|iPhoneSimulator.ActiveCfg = Release|Any CPU
		{4F0C7307-08E6-4EBC-9135-AE947C730978}.Ad-Hoc|iPhoneSimulator.Build.0 = Release|Any CPU
		{4F0C7307-08E6-4EBC-9135-AE947C730978}.Ad-Hoc|iPhoneSimulator.Deploy.0 = Release|Any CPU
		{4F0C7307-08E6-4EBC-9135-AE947C730978}.AppStore|Any CPU.ActiveCfg = Release|Any CPU
		{4F0C7307-08E6-4EBC-9135-AE947C730978}.AppStore|Any CPU.Build.0 = Release|Any CPU
		{4F0C7307-08E6-4EBC-9135-AE947C730978}.AppStore|Any CPU.Deploy.0 = Release|Any CPU
		{4F0C7307-08E6-4EBC-9135-AE947C730978}.AppStore|iPhone.ActiveCfg = Release|Any CPU
		{4F0C7307-08E6-4EBC-9135-AE947C730978}.AppStore|iPhone.Build.0 = Release|Any CPU
		{4F0C7307-08E6-4EBC-9135-AE947C730978}.AppStore|iPhone.Deploy.0 = Release|Any CPU
		{4F0C7307-08E6-4EBC-9135-AE947C730978}.AppStore|iPhoneSimulator.ActiveCfg = Release|Any CPU
		{4F0C7307-08E6-4EBC-9135-AE947C730978}.AppStore|iPhoneSimulator.Build.0 = Release|Any CPU
		{4F0C7307-08E6-4EBC-9135-AE947C730978}.AppStore|iPhoneSimulator.Deploy.0 = Release|Any CPU
		{4F0C7307-08E6-4EBC-9135-AE947C730978}.Debug|Any CPU.ActiveCfg = Debug|Any CPU
		{4F0C7307-08E6-4EBC-9135-AE947C730978}.Debug|Any CPU.Build.0 = Debug|Any CPU
		{4F0C7307-08E6-4EBC-9135-AE947C730978}.Debug|Any CPU.Deploy.0 = Debug|Any CPU
		{4F0C7307-08E6-4EBC-9135-AE947C730978}.Debug|iPhone.ActiveCfg = Debug|Any CPU
		{4F0C7307-08E6-4EBC-9135-AE947C730978}.Debug|iPhone.Build.0 = Debug|Any CPU
		{4F0C7307-08E6-4EBC-9135-AE947C730978}.Debug|iPhone.Deploy.0 = Debug|Any CPU
		{4F0C7307-08E6-4EBC-9135-AE947C730978}.Debug|iPhoneSimulator.ActiveCfg = Debug|Any CPU
		{4F0C7307-08E6-4EBC-9135-AE947C730978}.Debug|iPhoneSimulator.Build.0 = Debug|Any CPU
		{4F0C7307-08E6-4EBC-9135-AE947C730978}.Debug|iPhoneSimulator.Deploy.0 = Debug|Any CPU
		{4F0C7307-08E6-4EBC-9135-AE947C730978}.Release|Any CPU.ActiveCfg = Release|Any CPU
		{4F0C7307-08E6-4EBC-9135-AE947C730978}.Release|Any CPU.Build.0 = Release|Any CPU
		{4F0C7307-08E6-4EBC-9135-AE947C730978}.Release|Any CPU.Deploy.0 = Release|Any CPU
		{4F0C7307-08E6-4EBC-9135-AE947C730978}.Release|iPhone.ActiveCfg = Release|Any CPU
		{4F0C7307-08E6-4EBC-9135-AE947C730978}.Release|iPhone.Build.0 = Release|Any CPU
		{4F0C7307-08E6-4EBC-9135-AE947C730978}.Release|iPhone.Deploy.0 = Release|Any CPU
		{4F0C7307-08E6-4EBC-9135-AE947C730978}.Release|iPhoneSimulator.ActiveCfg = Release|Any CPU
		{4F0C7307-08E6-4EBC-9135-AE947C730978}.Release|iPhoneSimulator.Build.0 = Release|Any CPU
		{4F0C7307-08E6-4EBC-9135-AE947C730978}.Release|iPhoneSimulator.Deploy.0 = Release|Any CPU
		{2137ED7C-52E7-429C-B432-CBF23D6D6ED4}.Ad-Hoc|Any CPU.ActiveCfg = Ad-Hoc|iPhone
		{2137ED7C-52E7-429C-B432-CBF23D6D6ED4}.Ad-Hoc|iPhone.ActiveCfg = Ad-Hoc|iPhone
		{2137ED7C-52E7-429C-B432-CBF23D6D6ED4}.Ad-Hoc|iPhone.Build.0 = Ad-Hoc|iPhone
		{2137ED7C-52E7-429C-B432-CBF23D6D6ED4}.Ad-Hoc|iPhoneSimulator.ActiveCfg = Ad-Hoc|iPhoneSimulator
		{2137ED7C-52E7-429C-B432-CBF23D6D6ED4}.Ad-Hoc|iPhoneSimulator.Build.0 = Ad-Hoc|iPhoneSimulator
		{2137ED7C-52E7-429C-B432-CBF23D6D6ED4}.AppStore|Any CPU.ActiveCfg = AppStore|iPhone
		{2137ED7C-52E7-429C-B432-CBF23D6D6ED4}.AppStore|iPhone.ActiveCfg = AppStore|iPhone
		{2137ED7C-52E7-429C-B432-CBF23D6D6ED4}.AppStore|iPhone.Build.0 = AppStore|iPhone
		{2137ED7C-52E7-429C-B432-CBF23D6D6ED4}.AppStore|iPhoneSimulator.ActiveCfg = AppStore|iPhoneSimulator
		{2137ED7C-52E7-429C-B432-CBF23D6D6ED4}.AppStore|iPhoneSimulator.Build.0 = AppStore|iPhoneSimulator
		{2137ED7C-52E7-429C-B432-CBF23D6D6ED4}.Debug|Any CPU.ActiveCfg = Debug|iPhone
		{2137ED7C-52E7-429C-B432-CBF23D6D6ED4}.Debug|iPhone.ActiveCfg = Debug|iPhone
		{2137ED7C-52E7-429C-B432-CBF23D6D6ED4}.Debug|iPhone.Build.0 = Debug|iPhone
		{2137ED7C-52E7-429C-B432-CBF23D6D6ED4}.Debug|iPhoneSimulator.ActiveCfg = Debug|iPhoneSimulator
		{2137ED7C-52E7-429C-B432-CBF23D6D6ED4}.Debug|iPhoneSimulator.Build.0 = Debug|iPhoneSimulator
		{2137ED7C-52E7-429C-B432-CBF23D6D6ED4}.Release|Any CPU.ActiveCfg = Release|iPhone
		{2137ED7C-52E7-429C-B432-CBF23D6D6ED4}.Release|iPhone.ActiveCfg = Release|iPhone
		{2137ED7C-52E7-429C-B432-CBF23D6D6ED4}.Release|iPhone.Build.0 = Release|iPhone
		{2137ED7C-52E7-429C-B432-CBF23D6D6ED4}.Release|iPhoneSimulator.ActiveCfg = Release|iPhoneSimulator
		{2137ED7C-52E7-429C-B432-CBF23D6D6ED4}.Release|iPhoneSimulator.Build.0 = Release|iPhoneSimulator
		{691F0917-1373-4B4E-8A6E-8DC585F71889}.Ad-Hoc|Any CPU.ActiveCfg = Debug|Any CPU
		{691F0917-1373-4B4E-8A6E-8DC585F71889}.Ad-Hoc|Any CPU.Build.0 = Debug|Any CPU
		{691F0917-1373-4B4E-8A6E-8DC585F71889}.Ad-Hoc|iPhone.ActiveCfg = Debug|Any CPU
		{691F0917-1373-4B4E-8A6E-8DC585F71889}.Ad-Hoc|iPhone.Build.0 = Debug|Any CPU
		{691F0917-1373-4B4E-8A6E-8DC585F71889}.Ad-Hoc|iPhoneSimulator.ActiveCfg = Debug|Any CPU
		{691F0917-1373-4B4E-8A6E-8DC585F71889}.Ad-Hoc|iPhoneSimulator.Build.0 = Debug|Any CPU
		{691F0917-1373-4B4E-8A6E-8DC585F71889}.AppStore|Any CPU.ActiveCfg = Debug|Any CPU
		{691F0917-1373-4B4E-8A6E-8DC585F71889}.AppStore|Any CPU.Build.0 = Debug|Any CPU
		{691F0917-1373-4B4E-8A6E-8DC585F71889}.AppStore|iPhone.ActiveCfg = Debug|Any CPU
		{691F0917-1373-4B4E-8A6E-8DC585F71889}.AppStore|iPhone.Build.0 = Debug|Any CPU
		{691F0917-1373-4B4E-8A6E-8DC585F71889}.AppStore|iPhoneSimulator.ActiveCfg = Debug|Any CPU
		{691F0917-1373-4B4E-8A6E-8DC585F71889}.AppStore|iPhoneSimulator.Build.0 = Debug|Any CPU
		{691F0917-1373-4B4E-8A6E-8DC585F71889}.Debug|Any CPU.ActiveCfg = Debug|Any CPU
		{691F0917-1373-4B4E-8A6E-8DC585F71889}.Debug|Any CPU.Build.0 = Debug|Any CPU
		{691F0917-1373-4B4E-8A6E-8DC585F71889}.Debug|iPhone.ActiveCfg = Debug|Any CPU
		{691F0917-1373-4B4E-8A6E-8DC585F71889}.Debug|iPhone.Build.0 = Debug|Any CPU
		{691F0917-1373-4B4E-8A6E-8DC585F71889}.Debug|iPhoneSimulator.ActiveCfg = Debug|Any CPU
		{691F0917-1373-4B4E-8A6E-8DC585F71889}.Debug|iPhoneSimulator.Build.0 = Debug|Any CPU
		{691F0917-1373-4B4E-8A6E-8DC585F71889}.Release|Any CPU.ActiveCfg = Release|Any CPU
		{691F0917-1373-4B4E-8A6E-8DC585F71889}.Release|Any CPU.Build.0 = Release|Any CPU
		{691F0917-1373-4B4E-8A6E-8DC585F71889}.Release|iPhone.ActiveCfg = Release|Any CPU
		{691F0917-1373-4B4E-8A6E-8DC585F71889}.Release|iPhone.Build.0 = Release|Any CPU
		{691F0917-1373-4B4E-8A6E-8DC585F71889}.Release|iPhoneSimulator.ActiveCfg = Release|Any CPU
		{691F0917-1373-4B4E-8A6E-8DC585F71889}.Release|iPhoneSimulator.Build.0 = Release|Any CPU
		{FB2858AA-360A-4F83-B16A-ED1267051F65}.Ad-Hoc|Any CPU.ActiveCfg = Release|Any CPU
		{FB2858AA-360A-4F83-B16A-ED1267051F65}.Ad-Hoc|Any CPU.Build.0 = Release|Any CPU
		{FB2858AA-360A-4F83-B16A-ED1267051F65}.Ad-Hoc|Any CPU.Deploy.0 = Release|Any CPU
		{FB2858AA-360A-4F83-B16A-ED1267051F65}.Ad-Hoc|iPhone.ActiveCfg = Release|Any CPU
		{FB2858AA-360A-4F83-B16A-ED1267051F65}.Ad-Hoc|iPhone.Build.0 = Release|Any CPU
		{FB2858AA-360A-4F83-B16A-ED1267051F65}.Ad-Hoc|iPhone.Deploy.0 = Release|Any CPU
		{FB2858AA-360A-4F83-B16A-ED1267051F65}.Ad-Hoc|iPhoneSimulator.ActiveCfg = Release|Any CPU
		{FB2858AA-360A-4F83-B16A-ED1267051F65}.Ad-Hoc|iPhoneSimulator.Build.0 = Release|Any CPU
		{FB2858AA-360A-4F83-B16A-ED1267051F65}.Ad-Hoc|iPhoneSimulator.Deploy.0 = Release|Any CPU
		{FB2858AA-360A-4F83-B16A-ED1267051F65}.AppStore|Any CPU.ActiveCfg = Release|Any CPU
		{FB2858AA-360A-4F83-B16A-ED1267051F65}.AppStore|Any CPU.Build.0 = Release|Any CPU
		{FB2858AA-360A-4F83-B16A-ED1267051F65}.AppStore|Any CPU.Deploy.0 = Release|Any CPU
		{FB2858AA-360A-4F83-B16A-ED1267051F65}.AppStore|iPhone.ActiveCfg = Release|Any CPU
		{FB2858AA-360A-4F83-B16A-ED1267051F65}.AppStore|iPhone.Build.0 = Release|Any CPU
		{FB2858AA-360A-4F83-B16A-ED1267051F65}.AppStore|iPhone.Deploy.0 = Release|Any CPU
		{FB2858AA-360A-4F83-B16A-ED1267051F65}.AppStore|iPhoneSimulator.ActiveCfg = Release|Any CPU
		{FB2858AA-360A-4F83-B16A-ED1267051F65}.AppStore|iPhoneSimulator.Build.0 = Release|Any CPU
		{FB2858AA-360A-4F83-B16A-ED1267051F65}.AppStore|iPhoneSimulator.Deploy.0 = Release|Any CPU
		{FB2858AA-360A-4F83-B16A-ED1267051F65}.Debug|Any CPU.ActiveCfg = Debug|Any CPU
		{FB2858AA-360A-4F83-B16A-ED1267051F65}.Debug|Any CPU.Build.0 = Debug|Any CPU
		{FB2858AA-360A-4F83-B16A-ED1267051F65}.Debug|Any CPU.Deploy.0 = Debug|Any CPU
		{FB2858AA-360A-4F83-B16A-ED1267051F65}.Debug|iPhone.ActiveCfg = Debug|Any CPU
		{FB2858AA-360A-4F83-B16A-ED1267051F65}.Debug|iPhone.Build.0 = Debug|Any CPU
		{FB2858AA-360A-4F83-B16A-ED1267051F65}.Debug|iPhone.Deploy.0 = Debug|Any CPU
		{FB2858AA-360A-4F83-B16A-ED1267051F65}.Debug|iPhoneSimulator.ActiveCfg = Debug|Any CPU
		{FB2858AA-360A-4F83-B16A-ED1267051F65}.Debug|iPhoneSimulator.Build.0 = Debug|Any CPU
		{FB2858AA-360A-4F83-B16A-ED1267051F65}.Debug|iPhoneSimulator.Deploy.0 = Debug|Any CPU
		{FB2858AA-360A-4F83-B16A-ED1267051F65}.Release|Any CPU.ActiveCfg = Release|Any CPU
		{FB2858AA-360A-4F83-B16A-ED1267051F65}.Release|Any CPU.Build.0 = Release|Any CPU
		{FB2858AA-360A-4F83-B16A-ED1267051F65}.Release|Any CPU.Deploy.0 = Release|Any CPU
		{FB2858AA-360A-4F83-B16A-ED1267051F65}.Release|iPhone.ActiveCfg = Release|Any CPU
		{FB2858AA-360A-4F83-B16A-ED1267051F65}.Release|iPhone.Build.0 = Release|Any CPU
		{FB2858AA-360A-4F83-B16A-ED1267051F65}.Release|iPhone.Deploy.0 = Release|Any CPU
		{FB2858AA-360A-4F83-B16A-ED1267051F65}.Release|iPhoneSimulator.ActiveCfg = Release|Any CPU
		{FB2858AA-360A-4F83-B16A-ED1267051F65}.Release|iPhoneSimulator.Build.0 = Release|Any CPU
		{FB2858AA-360A-4F83-B16A-ED1267051F65}.Release|iPhoneSimulator.Deploy.0 = Release|Any CPU
		{DEFFCC74-9183-45C5-B93D-9E3450055CBD}.Ad-Hoc|Any CPU.ActiveCfg = Ad-Hoc|iPhone
		{DEFFCC74-9183-45C5-B93D-9E3450055CBD}.Ad-Hoc|iPhone.ActiveCfg = Ad-Hoc|iPhone
		{DEFFCC74-9183-45C5-B93D-9E3450055CBD}.Ad-Hoc|iPhone.Build.0 = Ad-Hoc|iPhone
		{DEFFCC74-9183-45C5-B93D-9E3450055CBD}.Ad-Hoc|iPhoneSimulator.ActiveCfg = Ad-Hoc|iPhoneSimulator
		{DEFFCC74-9183-45C5-B93D-9E3450055CBD}.Ad-Hoc|iPhoneSimulator.Build.0 = Ad-Hoc|iPhoneSimulator
		{DEFFCC74-9183-45C5-B93D-9E3450055CBD}.AppStore|Any CPU.ActiveCfg = AppStore|iPhone
		{DEFFCC74-9183-45C5-B93D-9E3450055CBD}.AppStore|iPhone.ActiveCfg = AppStore|iPhone
		{DEFFCC74-9183-45C5-B93D-9E3450055CBD}.AppStore|iPhone.Build.0 = AppStore|iPhone
		{DEFFCC74-9183-45C5-B93D-9E3450055CBD}.AppStore|iPhoneSimulator.ActiveCfg = AppStore|iPhoneSimulator
		{DEFFCC74-9183-45C5-B93D-9E3450055CBD}.AppStore|iPhoneSimulator.Build.0 = AppStore|iPhoneSimulator
		{DEFFCC74-9183-45C5-B93D-9E3450055CBD}.Debug|Any CPU.ActiveCfg = Debug|iPhone
		{DEFFCC74-9183-45C5-B93D-9E3450055CBD}.Debug|iPhone.ActiveCfg = Debug|iPhone
		{DEFFCC74-9183-45C5-B93D-9E3450055CBD}.Debug|iPhone.Build.0 = Debug|iPhone
		{DEFFCC74-9183-45C5-B93D-9E3450055CBD}.Debug|iPhoneSimulator.ActiveCfg = Debug|iPhoneSimulator
		{DEFFCC74-9183-45C5-B93D-9E3450055CBD}.Debug|iPhoneSimulator.Build.0 = Debug|iPhoneSimulator
		{DEFFCC74-9183-45C5-B93D-9E3450055CBD}.Release|Any CPU.ActiveCfg = Release|iPhone
		{DEFFCC74-9183-45C5-B93D-9E3450055CBD}.Release|iPhone.ActiveCfg = Release|iPhone
		{DEFFCC74-9183-45C5-B93D-9E3450055CBD}.Release|iPhone.Build.0 = Release|iPhone
		{DEFFCC74-9183-45C5-B93D-9E3450055CBD}.Release|iPhoneSimulator.ActiveCfg = Release|iPhoneSimulator
		{DEFFCC74-9183-45C5-B93D-9E3450055CBD}.Release|iPhoneSimulator.Build.0 = Release|iPhoneSimulator
		{8B197BE9-4891-4716-BBD2-72803B0E6EBA}.Ad-Hoc|Any CPU.ActiveCfg = Debug|Any CPU
		{8B197BE9-4891-4716-BBD2-72803B0E6EBA}.Ad-Hoc|Any CPU.Build.0 = Debug|Any CPU
		{8B197BE9-4891-4716-BBD2-72803B0E6EBA}.Ad-Hoc|iPhone.ActiveCfg = Debug|Any CPU
		{8B197BE9-4891-4716-BBD2-72803B0E6EBA}.Ad-Hoc|iPhone.Build.0 = Debug|Any CPU
		{8B197BE9-4891-4716-BBD2-72803B0E6EBA}.Ad-Hoc|iPhoneSimulator.ActiveCfg = Debug|Any CPU
		{8B197BE9-4891-4716-BBD2-72803B0E6EBA}.Ad-Hoc|iPhoneSimulator.Build.0 = Debug|Any CPU
		{8B197BE9-4891-4716-BBD2-72803B0E6EBA}.AppStore|Any CPU.ActiveCfg = Debug|Any CPU
		{8B197BE9-4891-4716-BBD2-72803B0E6EBA}.AppStore|Any CPU.Build.0 = Debug|Any CPU
		{8B197BE9-4891-4716-BBD2-72803B0E6EBA}.AppStore|iPhone.ActiveCfg = Debug|Any CPU
		{8B197BE9-4891-4716-BBD2-72803B0E6EBA}.AppStore|iPhone.Build.0 = Debug|Any CPU
		{8B197BE9-4891-4716-BBD2-72803B0E6EBA}.AppStore|iPhoneSimulator.ActiveCfg = Debug|Any CPU
		{8B197BE9-4891-4716-BBD2-72803B0E6EBA}.AppStore|iPhoneSimulator.Build.0 = Debug|Any CPU
		{8B197BE9-4891-4716-BBD2-72803B0E6EBA}.Debug|Any CPU.ActiveCfg = Debug|Any CPU
		{8B197BE9-4891-4716-BBD2-72803B0E6EBA}.Debug|Any CPU.Build.0 = Debug|Any CPU
		{8B197BE9-4891-4716-BBD2-72803B0E6EBA}.Debug|iPhone.ActiveCfg = Debug|Any CPU
		{8B197BE9-4891-4716-BBD2-72803B0E6EBA}.Debug|iPhone.Build.0 = Debug|Any CPU
		{8B197BE9-4891-4716-BBD2-72803B0E6EBA}.Debug|iPhoneSimulator.ActiveCfg = Debug|Any CPU
		{8B197BE9-4891-4716-BBD2-72803B0E6EBA}.Debug|iPhoneSimulator.Build.0 = Debug|Any CPU
		{8B197BE9-4891-4716-BBD2-72803B0E6EBA}.Release|Any CPU.ActiveCfg = Release|Any CPU
		{8B197BE9-4891-4716-BBD2-72803B0E6EBA}.Release|Any CPU.Build.0 = Release|Any CPU
		{8B197BE9-4891-4716-BBD2-72803B0E6EBA}.Release|iPhone.ActiveCfg = Release|Any CPU
		{8B197BE9-4891-4716-BBD2-72803B0E6EBA}.Release|iPhone.Build.0 = Release|Any CPU
		{8B197BE9-4891-4716-BBD2-72803B0E6EBA}.Release|iPhoneSimulator.ActiveCfg = Release|Any CPU
		{8B197BE9-4891-4716-BBD2-72803B0E6EBA}.Release|iPhoneSimulator.Build.0 = Release|Any CPU
		{C956E6DE-57DC-456D-9881-109DAE995524}.Ad-Hoc|Any CPU.ActiveCfg = Release|Any CPU
		{C956E6DE-57DC-456D-9881-109DAE995524}.Ad-Hoc|Any CPU.Build.0 = Release|Any CPU
		{C956E6DE-57DC-456D-9881-109DAE995524}.Ad-Hoc|Any CPU.Deploy.0 = Release|Any CPU
		{C956E6DE-57DC-456D-9881-109DAE995524}.Ad-Hoc|iPhone.ActiveCfg = Release|Any CPU
		{C956E6DE-57DC-456D-9881-109DAE995524}.Ad-Hoc|iPhone.Build.0 = Release|Any CPU
		{C956E6DE-57DC-456D-9881-109DAE995524}.Ad-Hoc|iPhone.Deploy.0 = Release|Any CPU
		{C956E6DE-57DC-456D-9881-109DAE995524}.Ad-Hoc|iPhoneSimulator.ActiveCfg = Release|Any CPU
		{C956E6DE-57DC-456D-9881-109DAE995524}.Ad-Hoc|iPhoneSimulator.Build.0 = Release|Any CPU
		{C956E6DE-57DC-456D-9881-109DAE995524}.Ad-Hoc|iPhoneSimulator.Deploy.0 = Release|Any CPU
		{C956E6DE-57DC-456D-9881-109DAE995524}.AppStore|Any CPU.ActiveCfg = Release|Any CPU
		{C956E6DE-57DC-456D-9881-109DAE995524}.AppStore|Any CPU.Build.0 = Release|Any CPU
		{C956E6DE-57DC-456D-9881-109DAE995524}.AppStore|Any CPU.Deploy.0 = Release|Any CPU
		{C956E6DE-57DC-456D-9881-109DAE995524}.AppStore|iPhone.ActiveCfg = Release|Any CPU
		{C956E6DE-57DC-456D-9881-109DAE995524}.AppStore|iPhone.Build.0 = Release|Any CPU
		{C956E6DE-57DC-456D-9881-109DAE995524}.AppStore|iPhone.Deploy.0 = Release|Any CPU
		{C956E6DE-57DC-456D-9881-109DAE995524}.AppStore|iPhoneSimulator.ActiveCfg = Release|Any CPU
		{C956E6DE-57DC-456D-9881-109DAE995524}.AppStore|iPhoneSimulator.Build.0 = Release|Any CPU
		{C956E6DE-57DC-456D-9881-109DAE995524}.AppStore|iPhoneSimulator.Deploy.0 = Release|Any CPU
		{C956E6DE-57DC-456D-9881-109DAE995524}.Debug|Any CPU.ActiveCfg = Debug|Any CPU
		{C956E6DE-57DC-456D-9881-109DAE995524}.Debug|Any CPU.Build.0 = Debug|Any CPU
		{C956E6DE-57DC-456D-9881-109DAE995524}.Debug|Any CPU.Deploy.0 = Debug|Any CPU
		{C956E6DE-57DC-456D-9881-109DAE995524}.Debug|iPhone.ActiveCfg = Debug|Any CPU
		{C956E6DE-57DC-456D-9881-109DAE995524}.Debug|iPhone.Build.0 = Debug|Any CPU
		{C956E6DE-57DC-456D-9881-109DAE995524}.Debug|iPhone.Deploy.0 = Debug|Any CPU
		{C956E6DE-57DC-456D-9881-109DAE995524}.Debug|iPhoneSimulator.ActiveCfg = Debug|Any CPU
		{C956E6DE-57DC-456D-9881-109DAE995524}.Debug|iPhoneSimulator.Build.0 = Debug|Any CPU
		{C956E6DE-57DC-456D-9881-109DAE995524}.Debug|iPhoneSimulator.Deploy.0 = Debug|Any CPU
		{C956E6DE-57DC-456D-9881-109DAE995524}.Release|Any CPU.ActiveCfg = Release|Any CPU
		{C956E6DE-57DC-456D-9881-109DAE995524}.Release|Any CPU.Build.0 = Release|Any CPU
		{C956E6DE-57DC-456D-9881-109DAE995524}.Release|Any CPU.Deploy.0 = Release|Any CPU
		{C956E6DE-57DC-456D-9881-109DAE995524}.Release|iPhone.ActiveCfg = Release|Any CPU
		{C956E6DE-57DC-456D-9881-109DAE995524}.Release|iPhone.Build.0 = Release|Any CPU
		{C956E6DE-57DC-456D-9881-109DAE995524}.Release|iPhone.Deploy.0 = Release|Any CPU
		{C956E6DE-57DC-456D-9881-109DAE995524}.Release|iPhoneSimulator.ActiveCfg = Release|Any CPU
		{C956E6DE-57DC-456D-9881-109DAE995524}.Release|iPhoneSimulator.Build.0 = Release|Any CPU
		{C956E6DE-57DC-456D-9881-109DAE995524}.Release|iPhoneSimulator.Deploy.0 = Release|Any CPU
		{30EA5552-343E-4B8F-90B9-6917255F8A13}.Ad-Hoc|Any CPU.ActiveCfg = Ad-Hoc|iPhone
		{30EA5552-343E-4B8F-90B9-6917255F8A13}.Ad-Hoc|iPhone.ActiveCfg = Ad-Hoc|iPhone
		{30EA5552-343E-4B8F-90B9-6917255F8A13}.Ad-Hoc|iPhone.Build.0 = Ad-Hoc|iPhone
		{30EA5552-343E-4B8F-90B9-6917255F8A13}.Ad-Hoc|iPhoneSimulator.ActiveCfg = Ad-Hoc|iPhoneSimulator
		{30EA5552-343E-4B8F-90B9-6917255F8A13}.Ad-Hoc|iPhoneSimulator.Build.0 = Ad-Hoc|iPhoneSimulator
		{30EA5552-343E-4B8F-90B9-6917255F8A13}.AppStore|Any CPU.ActiveCfg = AppStore|iPhone
		{30EA5552-343E-4B8F-90B9-6917255F8A13}.AppStore|iPhone.ActiveCfg = AppStore|iPhone
		{30EA5552-343E-4B8F-90B9-6917255F8A13}.AppStore|iPhone.Build.0 = AppStore|iPhone
		{30EA5552-343E-4B8F-90B9-6917255F8A13}.AppStore|iPhoneSimulator.ActiveCfg = AppStore|iPhoneSimulator
		{30EA5552-343E-4B8F-90B9-6917255F8A13}.AppStore|iPhoneSimulator.Build.0 = AppStore|iPhoneSimulator
		{30EA5552-343E-4B8F-90B9-6917255F8A13}.Debug|Any CPU.ActiveCfg = Debug|iPhone
		{30EA5552-343E-4B8F-90B9-6917255F8A13}.Debug|iPhone.ActiveCfg = Debug|iPhone
		{30EA5552-343E-4B8F-90B9-6917255F8A13}.Debug|iPhone.Build.0 = Debug|iPhone
		{30EA5552-343E-4B8F-90B9-6917255F8A13}.Debug|iPhoneSimulator.ActiveCfg = Debug|iPhoneSimulator
		{30EA5552-343E-4B8F-90B9-6917255F8A13}.Debug|iPhoneSimulator.Build.0 = Debug|iPhoneSimulator
		{30EA5552-343E-4B8F-90B9-6917255F8A13}.Release|Any CPU.ActiveCfg = Release|iPhone
		{30EA5552-343E-4B8F-90B9-6917255F8A13}.Release|iPhone.ActiveCfg = Release|iPhone
		{30EA5552-343E-4B8F-90B9-6917255F8A13}.Release|iPhone.Build.0 = Release|iPhone
		{30EA5552-343E-4B8F-90B9-6917255F8A13}.Release|iPhoneSimulator.ActiveCfg = Release|iPhoneSimulator
		{30EA5552-343E-4B8F-90B9-6917255F8A13}.Release|iPhoneSimulator.Build.0 = Release|iPhoneSimulator
		{DCDC69FF-E7D5-4F39-845D-BAC372516935}.Ad-Hoc|Any CPU.ActiveCfg = Debug|Any CPU
		{DCDC69FF-E7D5-4F39-845D-BAC372516935}.Ad-Hoc|Any CPU.Build.0 = Debug|Any CPU
		{DCDC69FF-E7D5-4F39-845D-BAC372516935}.Ad-Hoc|iPhone.ActiveCfg = Debug|Any CPU
		{DCDC69FF-E7D5-4F39-845D-BAC372516935}.Ad-Hoc|iPhone.Build.0 = Debug|Any CPU
		{DCDC69FF-E7D5-4F39-845D-BAC372516935}.Ad-Hoc|iPhoneSimulator.ActiveCfg = Debug|Any CPU
		{DCDC69FF-E7D5-4F39-845D-BAC372516935}.Ad-Hoc|iPhoneSimulator.Build.0 = Debug|Any CPU
		{DCDC69FF-E7D5-4F39-845D-BAC372516935}.AppStore|Any CPU.ActiveCfg = Debug|Any CPU
		{DCDC69FF-E7D5-4F39-845D-BAC372516935}.AppStore|Any CPU.Build.0 = Debug|Any CPU
		{DCDC69FF-E7D5-4F39-845D-BAC372516935}.AppStore|iPhone.ActiveCfg = Debug|Any CPU
		{DCDC69FF-E7D5-4F39-845D-BAC372516935}.AppStore|iPhone.Build.0 = Debug|Any CPU
		{DCDC69FF-E7D5-4F39-845D-BAC372516935}.AppStore|iPhoneSimulator.ActiveCfg = Debug|Any CPU
		{DCDC69FF-E7D5-4F39-845D-BAC372516935}.AppStore|iPhoneSimulator.Build.0 = Debug|Any CPU
		{DCDC69FF-E7D5-4F39-845D-BAC372516935}.Debug|Any CPU.ActiveCfg = Debug|Any CPU
		{DCDC69FF-E7D5-4F39-845D-BAC372516935}.Debug|Any CPU.Build.0 = Debug|Any CPU
		{DCDC69FF-E7D5-4F39-845D-BAC372516935}.Debug|iPhone.ActiveCfg = Debug|Any CPU
		{DCDC69FF-E7D5-4F39-845D-BAC372516935}.Debug|iPhone.Build.0 = Debug|Any CPU
		{DCDC69FF-E7D5-4F39-845D-BAC372516935}.Debug|iPhoneSimulator.ActiveCfg = Debug|Any CPU
		{DCDC69FF-E7D5-4F39-845D-BAC372516935}.Debug|iPhoneSimulator.Build.0 = Debug|Any CPU
		{DCDC69FF-E7D5-4F39-845D-BAC372516935}.Release|Any CPU.ActiveCfg = Release|Any CPU
		{DCDC69FF-E7D5-4F39-845D-BAC372516935}.Release|Any CPU.Build.0 = Release|Any CPU
		{DCDC69FF-E7D5-4F39-845D-BAC372516935}.Release|iPhone.ActiveCfg = Release|Any CPU
		{DCDC69FF-E7D5-4F39-845D-BAC372516935}.Release|iPhone.Build.0 = Release|Any CPU
		{DCDC69FF-E7D5-4F39-845D-BAC372516935}.Release|iPhoneSimulator.ActiveCfg = Release|Any CPU
		{DCDC69FF-E7D5-4F39-845D-BAC372516935}.Release|iPhoneSimulator.Build.0 = Release|Any CPU
	EndGlobalSection
	GlobalSection(SolutionProperties) = preSolution
		HideSolutionNode = FALSE
	EndGlobalSection
	GlobalSection(NestedProjects) = preSolution
		{792100A9-EC5B-4827-A68A-569E2EE6C181} = {AB5E4073-F922-48FD-9F28-2CC7F8168A9A}
		{F1F78CB3-4FCA-4F77-9C12-F259E327FEB2} = {84FD914D-CB10-4E19-BBF5-510B7F357FB6}
		{FB90C481-D04E-444F-BCEA-E4BB4B8CD159} = {F1F78CB3-4FCA-4F77-9C12-F259E327FEB2}
		{4C8E2622-F1BC-4071-AF9A-9D72B316327D} = {F1F78CB3-4FCA-4F77-9C12-F259E327FEB2}
		{3F647B3A-9510-4D8E-BB08-E41184D4794F} = {F1F78CB3-4FCA-4F77-9C12-F259E327FEB2}
		{ABFA2E4B-2650-4D1A-861E-AAEED9251FD2} = {84FD914D-CB10-4E19-BBF5-510B7F357FB6}
		{3E19B16F-C0EF-4745-AFCE-745440993221} = {84FD914D-CB10-4E19-BBF5-510B7F357FB6}
		{4F0C7307-08E6-4EBC-9135-AE947C730978} = {3E19B16F-C0EF-4745-AFCE-745440993221}
		{2137ED7C-52E7-429C-B432-CBF23D6D6ED4} = {3E19B16F-C0EF-4745-AFCE-745440993221}
		{691F0917-1373-4B4E-8A6E-8DC585F71889} = {3E19B16F-C0EF-4745-AFCE-745440993221}
		{FB2858AA-360A-4F83-B16A-ED1267051F65} = {ABFA2E4B-2650-4D1A-861E-AAEED9251FD2}
		{DEFFCC74-9183-45C5-B93D-9E3450055CBD} = {ABFA2E4B-2650-4D1A-861E-AAEED9251FD2}
		{8B197BE9-4891-4716-BBD2-72803B0E6EBA} = {ABFA2E4B-2650-4D1A-861E-AAEED9251FD2}
		{1EF68C09-F12E-4BD0-9AB9-BA65F116BD56} = {84FD914D-CB10-4E19-BBF5-510B7F357FB6}
		{C956E6DE-57DC-456D-9881-109DAE995524} = {1EF68C09-F12E-4BD0-9AB9-BA65F116BD56}
		{30EA5552-343E-4B8F-90B9-6917255F8A13} = {1EF68C09-F12E-4BD0-9AB9-BA65F116BD56}
		{DCDC69FF-E7D5-4F39-845D-BAC372516935} = {1EF68C09-F12E-4BD0-9AB9-BA65F116BD56}
	EndGlobalSection
	GlobalSection(ExtensibilityGlobals) = postSolution
		SolutionGuid = {39D02917-47E9-44C6-8A53-212F32BF3AAF}
	EndGlobalSection
EndGlobal
